// !$*UTF8*$!
{
	archiveVersion = 1;
	classes = {
	};
	objectVersion = 46;
	objects = {

/* Begin PBXBuildFile section */
		68EFFD2FFC6B2F2419F420F6 /* libPods.a in Frameworks */ = {isa = PBXBuildFile; fileRef = 4D17729364BED54679FBE4E1 /* libPods.a */; };
		E421DE0D1A15965700F71F4C /* Podfile in Resources */ = {isa = PBXBuildFile; fileRef = E421DE0C1A15965700F71F4C /* Podfile */; };
		E42C39DD1A0C5D0800CA5968 /* AppDelegate.swift in Sources */ = {isa = PBXBuildFile; fileRef = E42C39DC1A0C5D0800CA5968 /* AppDelegate.swift */; };
		E42C39DF1A0C5D0800CA5968 /* ViewController.swift in Sources */ = {isa = PBXBuildFile; fileRef = E42C39DE1A0C5D0800CA5968 /* ViewController.swift */; };
		E42C39E21A0C5D0800CA5968 /* Main.storyboard in Resources */ = {isa = PBXBuildFile; fileRef = E42C39E01A0C5D0800CA5968 /* Main.storyboard */; };
		E42C39E41A0C5D0800CA5968 /* Images.xcassets in Resources */ = {isa = PBXBuildFile; fileRef = E42C39E31A0C5D0800CA5968 /* Images.xcassets */; };
		E42C39E71A0C5D0800CA5968 /* LaunchScreen.xib in Resources */ = {isa = PBXBuildFile; fileRef = E42C39E51A0C5D0800CA5968 /* LaunchScreen.xib */; };
		E42C39F31A0C5D0800CA5968 /* instagramTests.swift in Sources */ = {isa = PBXBuildFile; fileRef = E42C39F21A0C5D0800CA5968 /* instagramTests.swift */; };
		E45FC50A1A15996B00679CCA /* TableViewController.swift in Sources */ = {isa = PBXBuildFile; fileRef = E45FC5091A15996B00679CCA /* TableViewController.swift */; };
		E45FC50C1A159CF200679CCA /* PhotoCell.swift in Sources */ = {isa = PBXBuildFile; fileRef = E45FC50B1A159CF200679CCA /* PhotoCell.swift */; };
		E45FC50F1A159FAF00679CCA /* bridgingFile.m in Sources */ = {isa = PBXBuildFile; fileRef = E45FC50E1A159FAF00679CCA /* bridgingFile.m */; };
		E45FC5111A15A18300679CCA /* PhotoViewController.swift in Sources */ = {isa = PBXBuildFile; fileRef = E45FC5101A15A18300679CCA /* PhotoViewController.swift */; };
/* End PBXBuildFile section */

/* Begin PBXContainerItemProxy section */
		E42C39ED1A0C5D0800CA5968 /* PBXContainerItemProxy */ = {
			isa = PBXContainerItemProxy;
			containerPortal = E42C39CF1A0C5D0800CA5968 /* Project object */;
			proxyType = 1;
			remoteGlobalIDString = E42C39D61A0C5D0800CA5968;
			remoteInfo = instagram;
		};
/* End PBXContainerItemProxy section */

/* Begin PBXFileReference section */
		0A8E192BF65D58CB4A41EF44 /* Pods.debug.xcconfig */ = {isa = PBXFileReference; includeInIndex = 1; lastKnownFileType = text.xcconfig; name = Pods.debug.xcconfig; path = "Pods/Target Support Files/Pods/Pods.debug.xcconfig"; sourceTree = "<group>"; };
		4D17729364BED54679FBE4E1 /* libPods.a */ = {isa = PBXFileReference; explicitFileType = archive.ar; includeInIndex = 0; path = libPods.a; sourceTree = BUILT_PRODUCTS_DIR; };
		E421DE0C1A15965700F71F4C /* Podfile */ = {isa = PBXFileReference; fileEncoding = 4; lastKnownFileType = text; path = Podfile; sourceTree = "<group>"; };
		E42C39D71A0C5D0800CA5968 /* instagram.app */ = {isa = PBXFileReference; explicitFileType = wrapper.application; includeInIndex = 0; path = instagram.app; sourceTree = BUILT_PRODUCTS_DIR; };
		E42C39DB1A0C5D0800CA5968 /* Info.plist */ = {isa = PBXFileReference; lastKnownFileType = text.plist.xml; path = Info.plist; sourceTree = "<group>"; };
		E42C39DC1A0C5D0800CA5968 /* AppDelegate.swift */ = {isa = PBXFileReference; lastKnownFileType = sourcecode.swift; path = AppDelegate.swift; sourceTree = "<group>"; };
		E42C39DE1A0C5D0800CA5968 /* ViewController.swift */ = {isa = PBXFileReference; lastKnownFileType = sourcecode.swift; path = ViewController.swift; sourceTree = "<group>"; };
		E42C39E11A0C5D0800CA5968 /* Base */ = {isa = PBXFileReference; lastKnownFileType = file.storyboard; name = Base; path = Base.lproj/Main.storyboard; sourceTree = "<group>"; };
		E42C39E31A0C5D0800CA5968 /* Images.xcassets */ = {isa = PBXFileReference; lastKnownFileType = folder.assetcatalog; path = Images.xcassets; sourceTree = "<group>"; };
		E42C39E61A0C5D0800CA5968 /* Base */ = {isa = PBXFileReference; lastKnownFileType = file.xib; name = Base; path = Base.lproj/LaunchScreen.xib; sourceTree = "<group>"; };
		E42C39EC1A0C5D0800CA5968 /* instagramTests.xctest */ = {isa = PBXFileReference; explicitFileType = wrapper.cfbundle; includeInIndex = 0; path = instagramTests.xctest; sourceTree = BUILT_PRODUCTS_DIR; };
		E42C39F11A0C5D0800CA5968 /* Info.plist */ = {isa = PBXFileReference; lastKnownFileType = text.plist.xml; path = Info.plist; sourceTree = "<group>"; };
		E42C39F21A0C5D0800CA5968 /* instagramTests.swift */ = {isa = PBXFileReference; lastKnownFileType = sourcecode.swift; path = instagramTests.swift; sourceTree = "<group>"; };
		E45FC5091A15996B00679CCA /* TableViewController.swift */ = {isa = PBXFileReference; fileEncoding = 4; lastKnownFileType = sourcecode.swift; path = TableViewController.swift; sourceTree = "<group>"; };
		E45FC50B1A159CF200679CCA /* PhotoCell.swift */ = {isa = PBXFileReference; fileEncoding = 4; lastKnownFileType = sourcecode.swift; path = PhotoCell.swift; sourceTree = "<group>"; };
		E45FC50D1A159FAF00679CCA /* instagram-Bridging-Header.h */ = {isa = PBXFileReference; lastKnownFileType = sourcecode.c.h; path = "instagram-Bridging-Header.h"; sourceTree = "<group>"; };
		E45FC50E1A159FAF00679CCA /* bridgingFile.m */ = {isa = PBXFileReference; fileEncoding = 4; lastKnownFileType = sourcecode.c.objc; path = bridgingFile.m; sourceTree = "<group>"; };
		E45FC5101A15A18300679CCA /* PhotoViewController.swift */ = {isa = PBXFileReference; fileEncoding = 4; lastKnownFileType = sourcecode.swift; path = PhotoViewController.swift; sourceTree = "<group>"; };
		E4C20234378AD721C2CC9B69 /* Pods.release.xcconfig */ = {isa = PBXFileReference; includeInIndex = 1; lastKnownFileType = text.xcconfig; name = Pods.release.xcconfig; path = "Pods/Target Support Files/Pods/Pods.release.xcconfig"; sourceTree = "<group>"; };
/* End PBXFileReference section */

/* Begin PBXFrameworksBuildPhase section */
		E42C39D41A0C5D0800CA5968 /* Frameworks */ = {
			isa = PBXFrameworksBuildPhase;
			buildActionMask = 2147483647;
			files = (
				68EFFD2FFC6B2F2419F420F6 /* libPods.a in Frameworks */,
			);
			runOnlyForDeploymentPostprocessing = 0;
		};
		E42C39E91A0C5D0800CA5968 /* Frameworks */ = {
			isa = PBXFrameworksBuildPhase;
			buildActionMask = 2147483647;
			files = (
			);
			runOnlyForDeploymentPostprocessing = 0;
		};
/* End PBXFrameworksBuildPhase section */

/* Begin PBXGroup section */
		21303050D8EEA8C9E2A3AE4B /* Frameworks */ = {
			isa = PBXGroup;
			children = (
				4D17729364BED54679FBE4E1 /* libPods.a */,
			);
			name = Frameworks;
			sourceTree = "<group>";
		};
		E30184442E34070417FDE2FD /* Pods */ = {
			isa = PBXGroup;
			children = (
				0A8E192BF65D58CB4A41EF44 /* Pods.debug.xcconfig */,
				E4C20234378AD721C2CC9B69 /* Pods.release.xcconfig */,
			);
			name = Pods;
			sourceTree = "<group>";
		};
		E42C39CE1A0C5D0800CA5968 = {
			isa = PBXGroup;
			children = (
				E45FC5101A15A18300679CCA /* PhotoViewController.swift */,
				E421DE0C1A15965700F71F4C /* Podfile */,
				E42C39D91A0C5D0800CA5968 /* instagram */,
				E42C39EF1A0C5D0800CA5968 /* instagramTests */,
				E42C39D81A0C5D0800CA5968 /* Products */,
				E30184442E34070417FDE2FD /* Pods */,
				21303050D8EEA8C9E2A3AE4B /* Frameworks */,
			);
			sourceTree = "<group>";
		};
		E42C39D81A0C5D0800CA5968 /* Products */ = {
			isa = PBXGroup;
			children = (
				E42C39D71A0C5D0800CA5968 /* instagram.app */,
				E42C39EC1A0C5D0800CA5968 /* instagramTests.xctest */,
			);
			name = Products;
			sourceTree = "<group>";
		};
		E42C39D91A0C5D0800CA5968 /* instagram */ = {
			isa = PBXGroup;
			children = (
				E42C39DC1A0C5D0800CA5968 /* AppDelegate.swift */,
				E42C39DE1A0C5D0800CA5968 /* ViewController.swift */,
				E42C39E01A0C5D0800CA5968 /* Main.storyboard */,
				E45FC50E1A159FAF00679CCA /* bridgingFile.m */,
				E45FC5091A15996B00679CCA /* TableViewController.swift */,
				E45FC50B1A159CF200679CCA /* PhotoCell.swift */,
				E42C39E31A0C5D0800CA5968 /* Images.xcassets */,
				E42C39E51A0C5D0800CA5968 /* LaunchScreen.xib */,
				E42C39DA1A0C5D0800CA5968 /* Supporting Files */,
				E45FC50D1A159FAF00679CCA /* instagram-Bridging-Header.h */,
			);
			path = instagram;
			sourceTree = "<group>";
		};
		E42C39DA1A0C5D0800CA5968 /* Supporting Files */ = {
			isa = PBXGroup;
			children = (
				E42C39DB1A0C5D0800CA5968 /* Info.plist */,
			);
			name = "Supporting Files";
			sourceTree = "<group>";
		};
		E42C39EF1A0C5D0800CA5968 /* instagramTests */ = {
			isa = PBXGroup;
			children = (
				E42C39F21A0C5D0800CA5968 /* instagramTests.swift */,
				E42C39F01A0C5D0800CA5968 /* Supporting Files */,
			);
			path = instagramTests;
			sourceTree = "<group>";
		};
		E42C39F01A0C5D0800CA5968 /* Supporting Files */ = {
			isa = PBXGroup;
			children = (
				E42C39F11A0C5D0800CA5968 /* Info.plist */,
			);
			name = "Supporting Files";
			sourceTree = "<group>";
		};
/* End PBXGroup section */

/* Begin PBXNativeTarget section */
		E42C39D61A0C5D0800CA5968 /* instagram */ = {
			isa = PBXNativeTarget;
			buildConfigurationList = E42C39F61A0C5D0800CA5968 /* Build configuration list for PBXNativeTarget "instagram" */;
			buildPhases = (
				9C34EB3E7051C96618558F39 /* Check Pods Manifest.lock */,
				E42C39D31A0C5D0800CA5968 /* Sources */,
				E42C39D41A0C5D0800CA5968 /* Frameworks */,
				E42C39D51A0C5D0800CA5968 /* Resources */,
				9F2EDB6375E4AEF3B88CFDE9 /* Copy Pods Resources */,
			);
			buildRules = (
			);
			dependencies = (
			);
			name = instagram;
			productName = instagram;
			productReference = E42C39D71A0C5D0800CA5968 /* instagram.app */;
			productType = "com.apple.product-type.application";
		};
		E42C39EB1A0C5D0800CA5968 /* instagramTests */ = {
			isa = PBXNativeTarget;
			buildConfigurationList = E42C39F91A0C5D0800CA5968 /* Build configuration list for PBXNativeTarget "instagramTests" */;
			buildPhases = (
				E42C39E81A0C5D0800CA5968 /* Sources */,
				E42C39E91A0C5D0800CA5968 /* Frameworks */,
				E42C39EA1A0C5D0800CA5968 /* Resources */,
			);
			buildRules = (
			);
			dependencies = (
				E42C39EE1A0C5D0800CA5968 /* PBXTargetDependency */,
			);
			name = instagramTests;
			productName = instagramTests;
			productReference = E42C39EC1A0C5D0800CA5968 /* instagramTests.xctest */;
			productType = "com.apple.product-type.bundle.unit-test";
		};
/* End PBXNativeTarget section */

/* Begin PBXProject section */
		E42C39CF1A0C5D0800CA5968 /* Project object */ = {
			isa = PBXProject;
			attributes = {
				LastUpgradeCheck = 0610;
				ORGANIZATIONNAME = dianesorg;
				TargetAttributes = {
					E42C39D61A0C5D0800CA5968 = {
						CreatedOnToolsVersion = 6.1;
					};
					E42C39EB1A0C5D0800CA5968 = {
						CreatedOnToolsVersion = 6.1;
						TestTargetID = E42C39D61A0C5D0800CA5968;
					};
				};
			};
			buildConfigurationList = E42C39D21A0C5D0800CA5968 /* Build configuration list for PBXProject "instagram" */;
			compatibilityVersion = "Xcode 3.2";
			developmentRegion = English;
			hasScannedForEncodings = 0;
			knownRegions = (
				en,
				Base,
			);
			mainGroup = E42C39CE1A0C5D0800CA5968;
			productRefGroup = E42C39D81A0C5D0800CA5968 /* Products */;
			projectDirPath = "";
			projectRoot = "";
			targets = (
				E42C39D61A0C5D0800CA5968 /* instagram */,
				E42C39EB1A0C5D0800CA5968 /* instagramTests */,
			);
		};
/* End PBXProject section */

/* Begin PBXResourcesBuildPhase section */
		E42C39D51A0C5D0800CA5968 /* Resources */ = {
			isa = PBXResourcesBuildPhase;
			buildActionMask = 2147483647;
			files = (
				E42C39E21A0C5D0800CA5968 /* Main.storyboard in Resources */,
				E42C39E71A0C5D0800CA5968 /* LaunchScreen.xib in Resources */,
				E421DE0D1A15965700F71F4C /* Podfile in Resources */,
				E42C39E41A0C5D0800CA5968 /* Images.xcassets in Resources */,
			);
			runOnlyForDeploymentPostprocessing = 0;
		};
		E42C39EA1A0C5D0800CA5968 /* Resources */ = {
			isa = PBXResourcesBuildPhase;
			buildActionMask = 2147483647;
			files = (
			);
			runOnlyForDeploymentPostprocessing = 0;
		};
/* End PBXResourcesBuildPhase section */

/* Begin PBXShellScriptBuildPhase section */
		9C34EB3E7051C96618558F39 /* Check Pods Manifest.lock */ = {
			isa = PBXShellScriptBuildPhase;
			buildActionMask = 2147483647;
			files = (
			);
			inputPaths = (
			);
			name = "Check Pods Manifest.lock";
			outputPaths = (
			);
			runOnlyForDeploymentPostprocessing = 0;
			shellPath = /bin/sh;
			shellScript = "diff \"${PODS_ROOT}/../Podfile.lock\" \"${PODS_ROOT}/Manifest.lock\" > /dev/null\nif [[ $? != 0 ]] ; then\n    cat << EOM\nerror: The sandbox is not in sync with the Podfile.lock. Run 'pod install' or update your CocoaPods installation.\nEOM\n    exit 1\nfi\n";
			showEnvVarsInLog = 0;
		};
		9F2EDB6375E4AEF3B88CFDE9 /* Copy Pods Resources */ = {
			isa = PBXShellScriptBuildPhase;
			buildActionMask = 2147483647;
			files = (
			);
			inputPaths = (
			);
			name = "Copy Pods Resources";
			outputPaths = (
			);
			runOnlyForDeploymentPostprocessing = 0;
			shellPath = /bin/sh;
			shellScript = "\"${SRCROOT}/Pods/Target Support Files/Pods/Pods-resources.sh\"\n";
			showEnvVarsInLog = 0;
		};
/* End PBXShellScriptBuildPhase section */

/* Begin PBXSourcesBuildPhase section */
		E42C39D31A0C5D0800CA5968 /* Sources */ = {
			isa = PBXSourcesBuildPhase;
			buildActionMask = 2147483647;
			files = (
				E45FC50C1A159CF200679CCA /* PhotoCell.swift in Sources */,
				E42C39DF1A0C5D0800CA5968 /* ViewController.swift in Sources */,
				E45FC50A1A15996B00679CCA /* TableViewController.swift in Sources */,
				E42C39DD1A0C5D0800CA5968 /* AppDelegate.swift in Sources */,
				E45FC50F1A159FAF00679CCA /* bridgingFile.m in Sources */,
				E45FC5111A15A18300679CCA /* PhotoViewController.swift in Sources */,
			);
			runOnlyForDeploymentPostprocessing = 0;
		};
		E42C39E81A0C5D0800CA5968 /* Sources */ = {
			isa = PBXSourcesBuildPhase;
			buildActionMask = 2147483647;
			files = (
				E42C39F31A0C5D0800CA5968 /* instagramTests.swift in Sources */,
			);
			runOnlyForDeploymentPostprocessing = 0;
		};
/* End PBXSourcesBuildPhase section */

/* Begin PBXTargetDependency section */
		E42C39EE1A0C5D0800CA5968 /* PBXTargetDependency */ = {
			isa = PBXTargetDependency;
			target = E42C39D61A0C5D0800CA5968 /* instagram */;
			targetProxy = E42C39ED1A0C5D0800CA5968 /* PBXContainerItemProxy */;
		};
/* End PBXTargetDependency section */

/* Begin PBXVariantGroup section */
		E42C39E01A0C5D0800CA5968 /* Main.storyboard */ = {
			isa = PBXVariantGroup;
			children = (
				E42C39E11A0C5D0800CA5968 /* Base */,
			);
			name = Main.storyboard;
			sourceTree = "<group>";
		};
		E42C39E51A0C5D0800CA5968 /* LaunchScreen.xib */ = {
			isa = PBXVariantGroup;
			children = (
				E42C39E61A0C5D0800CA5968 /* Base */,
			);
			name = LaunchScreen.xib;
			sourceTree = "<group>";
		};
/* End PBXVariantGroup section */

/* Begin XCBuildConfiguration section */
		E42C39F41A0C5D0800CA5968 /* Debug */ = {
			isa = XCBuildConfiguration;
			buildSettings = {
				ALWAYS_SEARCH_USER_PATHS = NO;
				CLANG_CXX_LANGUAGE_STANDARD = "gnu++0x";
				CLANG_CXX_LIBRARY = "libc++";
				CLANG_ENABLE_MODULES = YES;
				CLANG_ENABLE_OBJC_ARC = YES;
				CLANG_WARN_BOOL_CONVERSION = YES;
				CLANG_WARN_CONSTANT_CONVERSION = YES;
				CLANG_WARN_DIRECT_OBJC_ISA_USAGE = YES_ERROR;
				CLANG_WARN_EMPTY_BODY = YES;
				CLANG_WARN_ENUM_CONVERSION = YES;
				CLANG_WARN_INT_CONVERSION = YES;
				CLANG_WARN_OBJC_ROOT_CLASS = YES_ERROR;
				CLANG_WARN_UNREACHABLE_CODE = YES;
				CLANG_WARN__DUPLICATE_METHOD_MATCH = YES;
				"CODE_SIGN_IDENTITY[sdk=iphoneos*]" = "iPhone Developer";
				COPY_PHASE_STRIP = NO;
				ENABLE_STRICT_OBJC_MSGSEND = YES;
				GCC_C_LANGUAGE_STANDARD = gnu99;
				GCC_DYNAMIC_NO_PIC = NO;
				GCC_OPTIMIZATION_LEVEL = 0;
				GCC_PREPROCESSOR_DEFINITIONS = (
					"DEBUG=1",
					"$(inherited)",
				);
				GCC_SYMBOLS_PRIVATE_EXTERN = NO;
				GCC_WARN_64_TO_32_BIT_CONVERSION = YES;
				GCC_WARN_ABOUT_RETURN_TYPE = YES_ERROR;
				GCC_WARN_UNDECLARED_SELECTOR = YES;
				GCC_WARN_UNINITIALIZED_AUTOS = YES_AGGRESSIVE;
				GCC_WARN_UNUSED_FUNCTION = YES;
				GCC_WARN_UNUSED_VARIABLE = YES;
				IPHONEOS_DEPLOYMENT_TARGET = 8.1;
				MTL_ENABLE_DEBUG_INFO = YES;
				ONLY_ACTIVE_ARCH = YES;
				SDKROOT = iphoneos;
				SWIFT_OPTIMIZATION_LEVEL = "-Onone";
			};
			name = Debug;
		};
		E42C39F51A0C5D0800CA5968 /* Release */ = {
			isa = XCBuildConfiguration;
			buildSettings = {
				ALWAYS_SEARCH_USER_PATHS = NO;
				CLANG_CXX_LANGUAGE_STANDARD = "gnu++0x";
				CLANG_CXX_LIBRARY = "libc++";
				CLANG_ENABLE_MODULES = YES;
				CLANG_ENABLE_OBJC_ARC = YES;
				CLANG_WARN_BOOL_CONVERSION = YES;
				CLANG_WARN_CONSTANT_CONVERSION = YES;
				CLANG_WARN_DIRECT_OBJC_ISA_USAGE = YES_ERROR;
				CLANG_WARN_EMPTY_BODY = YES;
				CLANG_WARN_ENUM_CONVERSION = YES;
				CLANG_WARN_INT_CONVERSION = YES;
				CLANG_WARN_OBJC_ROOT_CLASS = YES_ERROR;
				CLANG_WARN_UNREACHABLE_CODE = YES;
				CLANG_WARN__DUPLICATE_METHOD_MATCH = YES;
				"CODE_SIGN_IDENTITY[sdk=iphoneos*]" = "iPhone Developer";
				COPY_PHASE_STRIP = YES;
				ENABLE_NS_ASSERTIONS = NO;
				ENABLE_STRICT_OBJC_MSGSEND = YES;
				GCC_C_LANGUAGE_STANDARD = gnu99;
				GCC_WARN_64_TO_32_BIT_CONVERSION = YES;
				GCC_WARN_ABOUT_RETURN_TYPE = YES_ERROR;
				GCC_WARN_UNDECLARED_SELECTOR = YES;
				GCC_WARN_UNINITIALIZED_AUTOS = YES_AGGRESSIVE;
				GCC_WARN_UNUSED_FUNCTION = YES;
				GCC_WARN_UNUSED_VARIABLE = YES;
				IPHONEOS_DEPLOYMENT_TARGET = 8.1;
				MTL_ENABLE_DEBUG_INFO = NO;
				SDKROOT = iphoneos;
				VALIDATE_PRODUCT = YES;
			};
			name = Release;
		};
		E42C39F71A0C5D0800CA5968 /* Debug */ = {
			isa = XCBuildConfiguration;
			baseConfigurationReference = 0A8E192BF65D58CB4A41EF44 /* Pods.debug.xcconfig */;
			buildSettings = {
				ASSETCATALOG_COMPILER_APPICON_NAME = AppIcon;
				CLANG_ENABLE_MODULES = YES;
				INFOPLIST_FILE = instagram/Info.plist;
				LD_RUNPATH_SEARCH_PATHS = "$(inherited) @executable_path/Frameworks";
				PRODUCT_NAME = "$(TARGET_NAME)";
				SWIFT_OBJC_BRIDGING_HEADER = "instagram/instagram-Bridging-Header.h";
				SWIFT_OPTIMIZATION_LEVEL = "-Onone";
			};
			name = Debug;
		};
		E42C39F81A0C5D0800CA5968 /* Release */ = {
			isa = XCBuildConfiguration;
			baseConfigurationReference = E4C20234378AD721C2CC9B69 /* Pods.release.xcconfig */;
			buildSettings = {
				ASSETCATALOG_COMPILER_APPICON_NAME = AppIcon;
				CLANG_ENABLE_MODULES = YES;
				INFOPLIST_FILE = instagram/Info.plist;
				LD_RUNPATH_SEARCH_PATHS = "$(inherited) @executable_path/Frameworks";
				PRODUCT_NAME = "$(TARGET_NAME)";
				SWIFT_OBJC_BRIDGING_HEADER = "instagram/instagram-Bridging-Header.h";
			};
			name = Release;
		};
		E42C39FA1A0C5D0800CA5968 /* Debug */ = {
			isa = XCBuildConfiguration;
			buildSettings = {
				BUNDLE_LOADER = "$(TEST_HOST)";
				FRAMEWORK_SEARCH_PATHS = (
					"$(SDKROOT)/Developer/Library/Frameworks",
					"$(inherited)",
				);
				GCC_PREPROCESSOR_DEFINITIONS = (
					"DEBUG=1",
					"$(inherited)",
				);
				INFOPLIST_FILE = instagramTests/Info.plist;
				LD_RUNPATH_SEARCH_PATHS = "$(inherited) @executable_path/Frameworks @loader_path/Frameworks";
				PRODUCT_NAME = "$(TARGET_NAME)";
				TEST_HOST = "$(BUILT_PRODUCTS_DIR)/instagram.app/instagram";
			};
			name = Debug;
		};
		E42C39FB1A0C5D0800CA5968 /* Release */ = {
			isa = XCBuildConfiguration;
			buildSettings = {
				BUNDLE_LOADER = "$(TEST_HOST)";
				FRAMEWORK_SEARCH_PATHS = (
					"$(SDKROOT)/Developer/Library/Frameworks",
					"$(inherited)",
				);
				INFOPLIST_FILE = instagramTests/Info.plist;
				LD_RUNPATH_SEARCH_PATHS = "$(inherited) @executable_path/Frameworks @loader_path/Frameworks";
				PRODUCT_NAME = "$(TARGET_NAME)";
				TEST_HOST = "$(BUILT_PRODUCTS_DIR)/instagram.app/instagram";
			};
			name = Release;
		};
/* End XCBuildConfiguration section */

/* Begin XCConfigurationList section */
		E42C39D21A0C5D0800CA5968 /* Build configuration list for PBXProject "instagram" */ = {
			isa = XCConfigurationList;
			buildConfigurations = (
				E42C39F41A0C5D0800CA5968 /* Debug */,
				E42C39F51A0C5D0800CA5968 /* Release */,
			);
			defaultConfigurationIsVisible = 0;
			defaultConfigurationName = Release;
		};
		E42C39F61A0C5D0800CA5968 /* Build configuration list for PBXNativeTarget "instagram" */ = {
			isa = XCConfigurationList;
			buildConfigurations = (
				E42C39F71A0C5D0800CA5968 /* Debug */,
				E42C39F81A0C5D0800CA5968 /* Release */,
			);
			defaultConfigurationIsVisible = 0;
			defaultConfigurationName = Release;
		};
		E42C39F91A0C5D0800CA5968 /* Build configuration list for PBXNativeTarget "instagramTests" */ = {
			isa = XCConfigurationList;
			buildConfigurations = (
				E42C39FA1A0C5D0800CA5968 /* Debug */,
				E42C39FB1A0C5D0800CA5968 /* Release */,
			);
			defaultConfigurationIsVisible = 0;
			defaultConfigurationName = Release;
		};
/* End XCConfigurationList section */
	};
	rootObject = E42C39CF1A0C5D0800CA5968 /* Project object */;
}
